// !$*UTF8*$!
{
	archiveVersion = 1;
	classes = {
	};
	objectVersion = 50;
	objects = {

/* Begin PBXBuildFile section */
		65EEC8E2A217D1ED711B9AF5 /* Pods_The_Goddess_of_Taste.framework in Frameworks */ = {isa = PBXBuildFile; fileRef = 236105AB3D0EAE212E3ABBED /* Pods_The_Goddess_of_Taste.framework */; };
		8A08BAB240737EB87A4B041C /* Pods_The_Goddess_of_Taste_The_Goddess_of_TasteUITests.framework in Frameworks */ = {isa = PBXBuildFile; fileRef = D67EFEC46616FF1367B33732 /* Pods_The_Goddess_of_Taste_The_Goddess_of_TasteUITests.framework */; };
		AD518CCE368D4690334DAFCC /* Pods_The_Goddess_of_TasteTests.framework in Frameworks */ = {isa = PBXBuildFile; fileRef = 48413A3A9F2BC5A4D66CC6DA /* Pods_The_Goddess_of_TasteTests.framework */; };
		C9B6DF0525122A6300510132 /* AppDelegate.swift in Sources */ = {isa = PBXBuildFile; fileRef = C9B6DF0425122A6300510132 /* AppDelegate.swift */; };
		C9B6DF0725122A6300510132 /* SceneDelegate.swift in Sources */ = {isa = PBXBuildFile; fileRef = C9B6DF0625122A6300510132 /* SceneDelegate.swift */; };
		C9B6DF0925122A6300510132 /* ViewController.swift in Sources */ = {isa = PBXBuildFile; fileRef = C9B6DF0825122A6300510132 /* ViewController.swift */; };
		C9B6DF0C25122A6300510132 /* Main.storyboard in Resources */ = {isa = PBXBuildFile; fileRef = C9B6DF0A25122A6300510132 /* Main.storyboard */; };
		C9B6DF0F25122A6300510132 /* The_Goddess_of_Taste.xcdatamodeld in Sources */ = {isa = PBXBuildFile; fileRef = C9B6DF0D25122A6300510132 /* The_Goddess_of_Taste.xcdatamodeld */; };
		C9B6DF1125122A6900510132 /* Assets.xcassets in Resources */ = {isa = PBXBuildFile; fileRef = C9B6DF1025122A6900510132 /* Assets.xcassets */; };
		C9B6DF1425122A6900510132 /* LaunchScreen.storyboard in Resources */ = {isa = PBXBuildFile; fileRef = C9B6DF1225122A6900510132 /* LaunchScreen.storyboard */; };
		C9B6DF1F25122A6900510132 /* The_Goddess_of_TasteTests.swift in Sources */ = {isa = PBXBuildFile; fileRef = C9B6DF1E25122A6900510132 /* The_Goddess_of_TasteTests.swift */; };
		C9B6DF2A25122A6900510132 /* The_Goddess_of_TasteUITests.swift in Sources */ = {isa = PBXBuildFile; fileRef = C9B6DF2925122A6900510132 /* The_Goddess_of_TasteUITests.swift */; };
/* End PBXBuildFile section */

/* Begin PBXContainerItemProxy section */
		C9B6DF1B25122A6900510132 /* PBXContainerItemProxy */ = {
			isa = PBXContainerItemProxy;
			containerPortal = C9B6DEF925122A6300510132 /* Project object */;
			proxyType = 1;
			remoteGlobalIDString = C9B6DF0025122A6300510132;
			remoteInfo = "The Goddess of Taste";
		};
		C9B6DF2625122A6900510132 /* PBXContainerItemProxy */ = {
			isa = PBXContainerItemProxy;
			containerPortal = C9B6DEF925122A6300510132 /* Project object */;
			proxyType = 1;
			remoteGlobalIDString = C9B6DF0025122A6300510132;
			remoteInfo = "The Goddess of Taste";
		};
/* End PBXContainerItemProxy section */

/* Begin PBXFileReference section */
		236105AB3D0EAE212E3ABBED /* Pods_The_Goddess_of_Taste.framework */ = {isa = PBXFileReference; explicitFileType = wrapper.framework; includeInIndex = 0; path = Pods_The_Goddess_of_Taste.framework; sourceTree = BUILT_PRODUCTS_DIR; };
		48413A3A9F2BC5A4D66CC6DA /* Pods_The_Goddess_of_TasteTests.framework */ = {isa = PBXFileReference; explicitFileType = wrapper.framework; includeInIndex = 0; path = Pods_The_Goddess_of_TasteTests.framework; sourceTree = BUILT_PRODUCTS_DIR; };
		56752DE6CE325998314BDFF6 /* Pods-The Goddess of Taste-The Goddess of TasteUITests.debug.xcconfig */ = {isa = PBXFileReference; includeInIndex = 1; lastKnownFileType = text.xcconfig; name = "Pods-The Goddess of Taste-The Goddess of TasteUITests.debug.xcconfig"; path = "Target Support Files/Pods-The Goddess of Taste-The Goddess of TasteUITests/Pods-The Goddess of Taste-The Goddess of TasteUITests.debug.xcconfig"; sourceTree = "<group>"; };
		6E70C1292CD2C09264AA92BF /* Pods-The Goddess of Taste.release.xcconfig */ = {isa = PBXFileReference; includeInIndex = 1; lastKnownFileType = text.xcconfig; name = "Pods-The Goddess of Taste.release.xcconfig"; path = "Target Support Files/Pods-The Goddess of Taste/Pods-The Goddess of Taste.release.xcconfig"; sourceTree = "<group>"; };
		82A6A9770CE06AA8D0B437AB /* Pods-The Goddess of Taste.debug.xcconfig */ = {isa = PBXFileReference; includeInIndex = 1; lastKnownFileType = text.xcconfig; name = "Pods-The Goddess of Taste.debug.xcconfig"; path = "Target Support Files/Pods-The Goddess of Taste/Pods-The Goddess of Taste.debug.xcconfig"; sourceTree = "<group>"; };
		C9B6DF0125122A6300510132 /* The Goddess of Taste.app */ = {isa = PBXFileReference; explicitFileType = wrapper.application; includeInIndex = 0; path = "The Goddess of Taste.app"; sourceTree = BUILT_PRODUCTS_DIR; };
		C9B6DF0425122A6300510132 /* AppDelegate.swift */ = {isa = PBXFileReference; lastKnownFileType = sourcecode.swift; path = AppDelegate.swift; sourceTree = "<group>"; };
		C9B6DF0625122A6300510132 /* SceneDelegate.swift */ = {isa = PBXFileReference; lastKnownFileType = sourcecode.swift; path = SceneDelegate.swift; sourceTree = "<group>"; };
		C9B6DF0825122A6300510132 /* ViewController.swift */ = {isa = PBXFileReference; lastKnownFileType = sourcecode.swift; path = ViewController.swift; sourceTree = "<group>"; };
		C9B6DF0B25122A6300510132 /* Base */ = {isa = PBXFileReference; lastKnownFileType = file.storyboard; name = Base; path = Base.lproj/Main.storyboard; sourceTree = "<group>"; };
		C9B6DF0E25122A6300510132 /* The_Goddess_of_Taste.xcdatamodel */ = {isa = PBXFileReference; lastKnownFileType = wrapper.xcdatamodel; path = The_Goddess_of_Taste.xcdatamodel; sourceTree = "<group>"; };
		C9B6DF1025122A6900510132 /* Assets.xcassets */ = {isa = PBXFileReference; lastKnownFileType = folder.assetcatalog; path = Assets.xcassets; sourceTree = "<group>"; };
		C9B6DF1325122A6900510132 /* Base */ = {isa = PBXFileReference; lastKnownFileType = file.storyboard; name = Base; path = Base.lproj/LaunchScreen.storyboard; sourceTree = "<group>"; };
		C9B6DF1525122A6900510132 /* Info.plist */ = {isa = PBXFileReference; lastKnownFileType = text.plist.xml; path = Info.plist; sourceTree = "<group>"; };
		C9B6DF1A25122A6900510132 /* The Goddess of TasteTests.xctest */ = {isa = PBXFileReference; explicitFileType = wrapper.cfbundle; includeInIndex = 0; path = "The Goddess of TasteTests.xctest"; sourceTree = BUILT_PRODUCTS_DIR; };
		C9B6DF1E25122A6900510132 /* The_Goddess_of_TasteTests.swift */ = {isa = PBXFileReference; lastKnownFileType = sourcecode.swift; path = The_Goddess_of_TasteTests.swift; sourceTree = "<group>"; };
		C9B6DF2025122A6900510132 /* Info.plist */ = {isa = PBXFileReference; lastKnownFileType = text.plist.xml; path = Info.plist; sourceTree = "<group>"; };
		C9B6DF2525122A6900510132 /* The Goddess of TasteUITests.xctest */ = {isa = PBXFileReference; explicitFileType = wrapper.cfbundle; includeInIndex = 0; path = "The Goddess of TasteUITests.xctest"; sourceTree = BUILT_PRODUCTS_DIR; };
		C9B6DF2925122A6900510132 /* The_Goddess_of_TasteUITests.swift */ = {isa = PBXFileReference; lastKnownFileType = sourcecode.swift; path = The_Goddess_of_TasteUITests.swift; sourceTree = "<group>"; };
		C9B6DF2B25122A6900510132 /* Info.plist */ = {isa = PBXFileReference; lastKnownFileType = text.plist.xml; path = Info.plist; sourceTree = "<group>"; };
		D67EFEC46616FF1367B33732 /* Pods_The_Goddess_of_Taste_The_Goddess_of_TasteUITests.framework */ = {isa = PBXFileReference; explicitFileType = wrapper.framework; includeInIndex = 0; path = Pods_The_Goddess_of_Taste_The_Goddess_of_TasteUITests.framework; sourceTree = BUILT_PRODUCTS_DIR; };
		DD6AD4ADEB908F58A535FAC0 /* Pods-The Goddess of Taste-The Goddess of TasteUITests.release.xcconfig */ = {isa = PBXFileReference; includeInIndex = 1; lastKnownFileType = text.xcconfig; name = "Pods-The Goddess of Taste-The Goddess of TasteUITests.release.xcconfig"; path = "Target Support Files/Pods-The Goddess of Taste-The Goddess of TasteUITests/Pods-The Goddess of Taste-The Goddess of TasteUITests.release.xcconfig"; sourceTree = "<group>"; };
		DD7EBC6B6AE168D569334045 /* Pods-The Goddess of TasteTests.release.xcconfig */ = {isa = PBXFileReference; includeInIndex = 1; lastKnownFileType = text.xcconfig; name = "Pods-The Goddess of TasteTests.release.xcconfig"; path = "Target Support Files/Pods-The Goddess of TasteTests/Pods-The Goddess of TasteTests.release.xcconfig"; sourceTree = "<group>"; };
		FBACD8B118DA586AB9F80D1C /* Pods-The Goddess of TasteTests.debug.xcconfig */ = {isa = PBXFileReference; includeInIndex = 1; lastKnownFileType = text.xcconfig; name = "Pods-The Goddess of TasteTests.debug.xcconfig"; path = "Target Support Files/Pods-The Goddess of TasteTests/Pods-The Goddess of TasteTests.debug.xcconfig"; sourceTree = "<group>"; };
/* End PBXFileReference section */

/* Begin PBXFrameworksBuildPhase section */
		C9B6DEFE25122A6300510132 /* Frameworks */ = {
			isa = PBXFrameworksBuildPhase;
			buildActionMask = 2147483647;
			files = (
				65EEC8E2A217D1ED711B9AF5 /* Pods_The_Goddess_of_Taste.framework in Frameworks */,
			);
			runOnlyForDeploymentPostprocessing = 0;
		};
		C9B6DF1725122A6900510132 /* Frameworks */ = {
			isa = PBXFrameworksBuildPhase;
			buildActionMask = 2147483647;
			files = (
				AD518CCE368D4690334DAFCC /* Pods_The_Goddess_of_TasteTests.framework in Frameworks */,
			);
			runOnlyForDeploymentPostprocessing = 0;
		};
		C9B6DF2225122A6900510132 /* Frameworks */ = {
			isa = PBXFrameworksBuildPhase;
			buildActionMask = 2147483647;
			files = (
				8A08BAB240737EB87A4B041C /* Pods_The_Goddess_of_Taste_The_Goddess_of_TasteUITests.framework in Frameworks */,
			);
			runOnlyForDeploymentPostprocessing = 0;
		};
/* End PBXFrameworksBuildPhase section */

/* Begin PBXGroup section */
		B5BAA61065611DD0EBF1E1D7 /* Pods */ = {
			isa = PBXGroup;
			children = (
				82A6A9770CE06AA8D0B437AB /* Pods-The Goddess of Taste.debug.xcconfig */,
				6E70C1292CD2C09264AA92BF /* Pods-The Goddess of Taste.release.xcconfig */,
				56752DE6CE325998314BDFF6 /* Pods-The Goddess of Taste-The Goddess of TasteUITests.debug.xcconfig */,
				DD6AD4ADEB908F58A535FAC0 /* Pods-The Goddess of Taste-The Goddess of TasteUITests.release.xcconfig */,
				FBACD8B118DA586AB9F80D1C /* Pods-The Goddess of TasteTests.debug.xcconfig */,
				DD7EBC6B6AE168D569334045 /* Pods-The Goddess of TasteTests.release.xcconfig */,
			);
			name = Pods;
			path = Pods;
			sourceTree = "<group>";
		};
		C9B6DEF825122A6300510132 = {
			isa = PBXGroup;
			children = (
				C9B6DF0325122A6300510132 /* The Goddess of Taste */,
				C9B6DF1D25122A6900510132 /* The Goddess of TasteTests */,
				C9B6DF2825122A6900510132 /* The Goddess of TasteUITests */,
				C9B6DF0225122A6300510132 /* Products */,
				B5BAA61065611DD0EBF1E1D7 /* Pods */,
				E29B77790E19AA89DEBD53F1 /* Frameworks */,
			);
			sourceTree = "<group>";
		};
		C9B6DF0225122A6300510132 /* Products */ = {
			isa = PBXGroup;
			children = (
				C9B6DF0125122A6300510132 /* The Goddess of Taste.app */,
				C9B6DF1A25122A6900510132 /* The Goddess of TasteTests.xctest */,
				C9B6DF2525122A6900510132 /* The Goddess of TasteUITests.xctest */,
			);
			name = Products;
			sourceTree = "<group>";
		};
		C9B6DF0325122A6300510132 /* The Goddess of Taste */ = {
			isa = PBXGroup;
			children = (
				C9B6DF0425122A6300510132 /* AppDelegate.swift */,
				C9B6DF0625122A6300510132 /* SceneDelegate.swift */,
				C9B6DF0825122A6300510132 /* ViewController.swift */,
				C9B6DF0A25122A6300510132 /* Main.storyboard */,
				C9B6DF1025122A6900510132 /* Assets.xcassets */,
				C9B6DF1225122A6900510132 /* LaunchScreen.storyboard */,
				C9B6DF1525122A6900510132 /* Info.plist */,
				C9B6DF0D25122A6300510132 /* The_Goddess_of_Taste.xcdatamodeld */,
			);
			path = "The Goddess of Taste";
			sourceTree = "<group>";
		};
		C9B6DF1D25122A6900510132 /* The Goddess of TasteTests */ = {
			isa = PBXGroup;
			children = (
				C9B6DF1E25122A6900510132 /* The_Goddess_of_TasteTests.swift */,
				C9B6DF2025122A6900510132 /* Info.plist */,
			);
			path = "The Goddess of TasteTests";
			sourceTree = "<group>";
		};
		C9B6DF2825122A6900510132 /* The Goddess of TasteUITests */ = {
			isa = PBXGroup;
			children = (
				C9B6DF2925122A6900510132 /* The_Goddess_of_TasteUITests.swift */,
				C9B6DF2B25122A6900510132 /* Info.plist */,
			);
			path = "The Goddess of TasteUITests";
			sourceTree = "<group>";
		};
		E29B77790E19AA89DEBD53F1 /* Frameworks */ = {
			isa = PBXGroup;
			children = (
				236105AB3D0EAE212E3ABBED /* Pods_The_Goddess_of_Taste.framework */,
				D67EFEC46616FF1367B33732 /* Pods_The_Goddess_of_Taste_The_Goddess_of_TasteUITests.framework */,
				48413A3A9F2BC5A4D66CC6DA /* Pods_The_Goddess_of_TasteTests.framework */,
			);
			name = Frameworks;
			sourceTree = "<group>";
		};
/* End PBXGroup section */

/* Begin PBXNativeTarget section */
		C9B6DF0025122A6300510132 /* The Goddess of Taste */ = {
			isa = PBXNativeTarget;
			buildConfigurationList = C9B6DF2E25122A6900510132 /* Build configuration list for PBXNativeTarget "The Goddess of Taste" */;
			buildPhases = (
				12E6B6DD0C5C61D31E23698C /* [CP] Check Pods Manifest.lock */,
				C9B6DEFD25122A6300510132 /* Sources */,
				C9B6DEFE25122A6300510132 /* Frameworks */,
				C9B6DEFF25122A6300510132 /* Resources */,
			);
			buildRules = (
			);
			dependencies = (
			);
			name = "The Goddess of Taste";
			productName = "The Goddess of Taste";
			productReference = C9B6DF0125122A6300510132 /* The Goddess of Taste.app */;
			productType = "com.apple.product-type.application";
		};
		C9B6DF1925122A6900510132 /* The Goddess of TasteTests */ = {
			isa = PBXNativeTarget;
			buildConfigurationList = C9B6DF3125122A6900510132 /* Build configuration list for PBXNativeTarget "The Goddess of TasteTests" */;
			buildPhases = (
				E02CB0040CFA75D9F5F5DB33 /* [CP] Check Pods Manifest.lock */,
				C9B6DF1625122A6900510132 /* Sources */,
				C9B6DF1725122A6900510132 /* Frameworks */,
				C9B6DF1825122A6900510132 /* Resources */,
			);
			buildRules = (
			);
			dependencies = (
				C9B6DF1C25122A6900510132 /* PBXTargetDependency */,
			);
			name = "The Goddess of TasteTests";
			productName = "The Goddess of TasteTests";
			productReference = C9B6DF1A25122A6900510132 /* The Goddess of TasteTests.xctest */;
			productType = "com.apple.product-type.bundle.unit-test";
		};
		C9B6DF2425122A6900510132 /* The Goddess of TasteUITests */ = {
			isa = PBXNativeTarget;
			buildConfigurationList = C9B6DF3425122A6900510132 /* Build configuration list for PBXNativeTarget "The Goddess of TasteUITests" */;
			buildPhases = (
				A8F8A4E989F0653CB3AFD8F7 /* [CP] Check Pods Manifest.lock */,
				C9B6DF2125122A6900510132 /* Sources */,
				C9B6DF2225122A6900510132 /* Frameworks */,
				C9B6DF2325122A6900510132 /* Resources */,
			);
			buildRules = (
			);
			dependencies = (
				C9B6DF2725122A6900510132 /* PBXTargetDependency */,
			);
			name = "The Goddess of TasteUITests";
			productName = "The Goddess of TasteUITests";
			productReference = C9B6DF2525122A6900510132 /* The Goddess of TasteUITests.xctest */;
			productType = "com.apple.product-type.bundle.ui-testing";
		};
/* End PBXNativeTarget section */

/* Begin PBXProject section */
		C9B6DEF925122A6300510132 /* Project object */ = {
			isa = PBXProject;
			attributes = {
				LastSwiftUpdateCheck = 1140;
				LastUpgradeCheck = 1140;
				ORGANIZATIONNAME = ssapps;
				TargetAttributes = {
					C9B6DF0025122A6300510132 = {
						CreatedOnToolsVersion = 11.4;
					};
					C9B6DF1925122A6900510132 = {
						CreatedOnToolsVersion = 11.4;
						TestTargetID = C9B6DF0025122A6300510132;
					};
					C9B6DF2425122A6900510132 = {
						CreatedOnToolsVersion = 11.4;
						TestTargetID = C9B6DF0025122A6300510132;
					};
				};
			};
			buildConfigurationList = C9B6DEFC25122A6300510132 /* Build configuration list for PBXProject "The Goddess of Taste" */;
			compatibilityVersion = "Xcode 9.3";
			developmentRegion = en;
			hasScannedForEncodings = 0;
			knownRegions = (
				en,
				Base,
			);
			mainGroup = C9B6DEF825122A6300510132;
			productRefGroup = C9B6DF0225122A6300510132 /* Products */;
			projectDirPath = "";
			projectRoot = "";
			targets = (
				C9B6DF0025122A6300510132 /* The Goddess of Taste */,
				C9B6DF1925122A6900510132 /* The Goddess of TasteTests */,
				C9B6DF2425122A6900510132 /* The Goddess of TasteUITests */,
			);
		};
/* End PBXProject section */

/* Begin PBXResourcesBuildPhase section */
		C9B6DEFF25122A6300510132 /* Resources */ = {
			isa = PBXResourcesBuildPhase;
			buildActionMask = 2147483647;
			files = (
				C9B6DF1425122A6900510132 /* LaunchScreen.storyboard in Resources */,
				C9B6DF1125122A6900510132 /* Assets.xcassets in Resources */,
				C9B6DF0C25122A6300510132 /* Main.storyboard in Resources */,
			);
			runOnlyForDeploymentPostprocessing = 0;
		};
		C9B6DF1825122A6900510132 /* Resources */ = {
			isa = PBXResourcesBuildPhase;
			buildActionMask = 2147483647;
			files = (
			);
			runOnlyForDeploymentPostprocessing = 0;
		};
		C9B6DF2325122A6900510132 /* Resources */ = {
			isa = PBXResourcesBuildPhase;
			buildActionMask = 2147483647;
			files = (
			);
			runOnlyForDeploymentPostprocessing = 0;
		};
/* End PBXResourcesBuildPhase section */

/* Begin PBXShellScriptBuildPhase section */
		12E6B6DD0C5C61D31E23698C /* [CP] Check Pods Manifest.lock */ = {
			isa = PBXShellScriptBuildPhase;
			buildActionMask = 2147483647;
			files = (
			);
			inputFileListPaths = (
			);
			inputPaths = (
				"${PODS_PODFILE_DIR_PATH}/Podfile.lock",
				"${PODS_ROOT}/Manifest.lock",
			);
			name = "[CP] Check Pods Manifest.lock";
			outputFileListPaths = (
			);
			outputPaths = (
				"$(DERIVED_FILE_DIR)/Pods-The Goddess of Taste-checkManifestLockResult.txt",
			);
			runOnlyForDeploymentPostprocessing = 0;
			shellPath = /bin/sh;
			shellScript = "diff \"${PODS_PODFILE_DIR_PATH}/Podfile.lock\" \"${PODS_ROOT}/Manifest.lock\" > /dev/null\nif [ $? != 0 ] ; then\n    # print error to STDERR\n    echo \"error: The sandbox is not in sync with the Podfile.lock. Run 'pod install' or update your CocoaPods installation.\" >&2\n    exit 1\nfi\n# This output is used by Xcode 'outputs' to avoid re-running this script phase.\necho \"SUCCESS\" > \"${SCRIPT_OUTPUT_FILE_0}\"\n";
			showEnvVarsInLog = 0;
		};
		A8F8A4E989F0653CB3AFD8F7 /* [CP] Check Pods Manifest.lock */ = {
			isa = PBXShellScriptBuildPhase;
			buildActionMask = 2147483647;
			files = (
			);
			inputFileListPaths = (
			);
			inputPaths = (
				"${PODS_PODFILE_DIR_PATH}/Podfile.lock",
				"${PODS_ROOT}/Manifest.lock",
			);
			name = "[CP] Check Pods Manifest.lock";
			outputFileListPaths = (
			);
			outputPaths = (
				"$(DERIVED_FILE_DIR)/Pods-The Goddess of Taste-The Goddess of TasteUITests-checkManifestLockResult.txt",
			);
			runOnlyForDeploymentPostprocessing = 0;
			shellPath = /bin/sh;
			shellScript = "diff \"${PODS_PODFILE_DIR_PATH}/Podfile.lock\" \"${PODS_ROOT}/Manifest.lock\" > /dev/null\nif [ $? != 0 ] ; then\n    # print error to STDERR\n    echo \"error: The sandbox is not in sync with the Podfile.lock. Run 'pod install' or update your CocoaPods installation.\" >&2\n    exit 1\nfi\n# This output is used by Xcode 'outputs' to avoid re-running this script phase.\necho \"SUCCESS\" > \"${SCRIPT_OUTPUT_FILE_0}\"\n";
			showEnvVarsInLog = 0;
		};
		E02CB0040CFA75D9F5F5DB33 /* [CP] Check Pods Manifest.lock */ = {
			isa = PBXShellScriptBuildPhase;
			buildActionMask = 2147483647;
			files = (
			);
			inputFileListPaths = (
			);
			inputPaths = (
				"${PODS_PODFILE_DIR_PATH}/Podfile.lock",
				"${PODS_ROOT}/Manifest.lock",
			);
			name = "[CP] Check Pods Manifest.lock";
			outputFileListPaths = (
			);
			outputPaths = (
				"$(DERIVED_FILE_DIR)/Pods-The Goddess of TasteTests-checkManifestLockResult.txt",
			);
			runOnlyForDeploymentPostprocessing = 0;
			shellPath = /bin/sh;
			shellScript = "diff \"${PODS_PODFILE_DIR_PATH}/Podfile.lock\" \"${PODS_ROOT}/Manifest.lock\" > /dev/null\nif [ $? != 0 ] ; then\n    # print error to STDERR\n    echo \"error: The sandbox is not in sync with the Podfile.lock. Run 'pod install' or update your CocoaPods installation.\" >&2\n    exit 1\nfi\n# This output is used by Xcode 'outputs' to avoid re-running this script phase.\necho \"SUCCESS\" > \"${SCRIPT_OUTPUT_FILE_0}\"\n";
			showEnvVarsInLog = 0;
		};
/* End PBXShellScriptBuildPhase section */

/* Begin PBXSourcesBuildPhase section */
		C9B6DEFD25122A6300510132 /* Sources */ = {
			isa = PBXSourcesBuildPhase;
			buildActionMask = 2147483647;
			files = (
				C9B6DF0925122A6300510132 /* ViewController.swift in Sources */,
				C9B6DF0525122A6300510132 /* AppDelegate.swift in Sources */,
				C9B6DF0F25122A6300510132 /* The_Goddess_of_Taste.xcdatamodeld in Sources */,
				C9B6DF0725122A6300510132 /* SceneDelegate.swift in Sources */,
			);
			runOnlyForDeploymentPostprocessing = 0;
		};
		C9B6DF1625122A6900510132 /* Sources */ = {
			isa = PBXSourcesBuildPhase;
			buildActionMask = 2147483647;
			files = (
				C9B6DF1F25122A6900510132 /* The_Goddess_of_TasteTests.swift in Sources */,
			);
			runOnlyForDeploymentPostprocessing = 0;
		};
		C9B6DF2125122A6900510132 /* Sources */ = {
			isa = PBXSourcesBuildPhase;
			buildActionMask = 2147483647;
			files = (
				C9B6DF2A25122A6900510132 /* The_Goddess_of_TasteUITests.swift in Sources */,
			);
			runOnlyForDeploymentPostprocessing = 0;
		};
/* End PBXSourcesBuildPhase section */

/* Begin PBXTargetDependency section */
		C9B6DF1C25122A6900510132 /* PBXTargetDependency */ = {
			isa = PBXTargetDependency;
			target = C9B6DF0025122A6300510132 /* The Goddess of Taste */;
			targetProxy = C9B6DF1B25122A6900510132 /* PBXContainerItemProxy */;
		};
		C9B6DF2725122A6900510132 /* PBXTargetDependency */ = {
			isa = PBXTargetDependency;
			target = C9B6DF0025122A6300510132 /* The Goddess of Taste */;
			targetProxy = C9B6DF2625122A6900510132 /* PBXContainerItemProxy */;
		};
/* End PBXTargetDependency section */

/* Begin PBXVariantGroup section */
		C9B6DF0A25122A6300510132 /* Main.storyboard */ = {
			isa = PBXVariantGroup;
			children = (
				C9B6DF0B25122A6300510132 /* Base */,
			);
			name = Main.storyboard;
			sourceTree = "<group>";
		};
		C9B6DF1225122A6900510132 /* LaunchScreen.storyboard */ = {
			isa = PBXVariantGroup;
			children = (
				C9B6DF1325122A6900510132 /* Base */,
			);
			name = LaunchScreen.storyboard;
			sourceTree = "<group>";
		};
/* End PBXVariantGroup section */

/* Begin XCBuildConfiguration section */
		C9B6DF2C25122A6900510132 /* Debug */ = {
			isa = XCBuildConfiguration;
			buildSettings = {
				ALWAYS_SEARCH_USER_PATHS = NO;
				CLANG_ANALYZER_NONNULL = YES;
				CLANG_ANALYZER_NUMBER_OBJECT_CONVERSION = YES_AGGRESSIVE;
				CLANG_CXX_LANGUAGE_STANDARD = "gnu++14";
				CLANG_CXX_LIBRARY = "libc++";
				CLANG_ENABLE_MODULES = YES;
				CLANG_ENABLE_OBJC_ARC = YES;
				CLANG_ENABLE_OBJC_WEAK = YES;
				CLANG_WARN_BLOCK_CAPTURE_AUTORELEASING = YES;
				CLANG_WARN_BOOL_CONVERSION = YES;
				CLANG_WARN_COMMA = YES;
				CLANG_WARN_CONSTANT_CONVERSION = YES;
				CLANG_WARN_DEPRECATED_OBJC_IMPLEMENTATIONS = YES;
				CLANG_WARN_DIRECT_OBJC_ISA_USAGE = YES_ERROR;
				CLANG_WARN_DOCUMENTATION_COMMENTS = YES;
				CLANG_WARN_EMPTY_BODY = YES;
				CLANG_WARN_ENUM_CONVERSION = YES;
				CLANG_WARN_INFINITE_RECURSION = YES;
				CLANG_WARN_INT_CONVERSION = YES;
				CLANG_WARN_NON_LITERAL_NULL_CONVERSION = YES;
				CLANG_WARN_OBJC_IMPLICIT_RETAIN_SELF = YES;
				CLANG_WARN_OBJC_LITERAL_CONVERSION = YES;
				CLANG_WARN_OBJC_ROOT_CLASS = YES_ERROR;
				CLANG_WARN_RANGE_LOOP_ANALYSIS = YES;
				CLANG_WARN_STRICT_PROTOTYPES = YES;
				CLANG_WARN_SUSPICIOUS_MOVE = YES;
				CLANG_WARN_UNGUARDED_AVAILABILITY = YES_AGGRESSIVE;
				CLANG_WARN_UNREACHABLE_CODE = YES;
				CLANG_WARN__DUPLICATE_METHOD_MATCH = YES;
				COPY_PHASE_STRIP = NO;
				DEBUG_INFORMATION_FORMAT = dwarf;
				ENABLE_STRICT_OBJC_MSGSEND = YES;
				ENABLE_TESTABILITY = YES;
				GCC_C_LANGUAGE_STANDARD = gnu11;
				GCC_DYNAMIC_NO_PIC = NO;
				GCC_NO_COMMON_BLOCKS = YES;
				GCC_OPTIMIZATION_LEVEL = 0;
				GCC_PREPROCESSOR_DEFINITIONS = (
					"DEBUG=1",
					"$(inherited)",
				);
				GCC_WARN_64_TO_32_BIT_CONVERSION = YES;
				GCC_WARN_ABOUT_RETURN_TYPE = YES_ERROR;
				GCC_WARN_UNDECLARED_SELECTOR = YES;
				GCC_WARN_UNINITIALIZED_AUTOS = YES_AGGRESSIVE;
				GCC_WARN_UNUSED_FUNCTION = YES;
				GCC_WARN_UNUSED_VARIABLE = YES;
				IPHONEOS_DEPLOYMENT_TARGET = 13.4;
				MTL_ENABLE_DEBUG_INFO = INCLUDE_SOURCE;
				MTL_FAST_MATH = YES;
				ONLY_ACTIVE_ARCH = YES;
				SDKROOT = iphoneos;
				SWIFT_ACTIVE_COMPILATION_CONDITIONS = DEBUG;
				SWIFT_OPTIMIZATION_LEVEL = "-Onone";
			};
			name = Debug;
		};
		C9B6DF2D25122A6900510132 /* Release */ = {
			isa = XCBuildConfiguration;
			buildSettings = {
				ALWAYS_SEARCH_USER_PATHS = NO;
				CLANG_ANALYZER_NONNULL = YES;
				CLANG_ANALYZER_NUMBER_OBJECT_CONVERSION = YES_AGGRESSIVE;
				CLANG_CXX_LANGUAGE_STANDARD = "gnu++14";
				CLANG_CXX_LIBRARY = "libc++";
				CLANG_ENABLE_MODULES = YES;
				CLANG_ENABLE_OBJC_ARC = YES;
				CLANG_ENABLE_OBJC_WEAK = YES;
				CLANG_WARN_BLOCK_CAPTURE_AUTORELEASING = YES;
				CLANG_WARN_BOOL_CONVERSION = YES;
				CLANG_WARN_COMMA = YES;
				CLANG_WARN_CONSTANT_CONVERSION = YES;
				CLANG_WARN_DEPRECATED_OBJC_IMPLEMENTATIONS = YES;
				CLANG_WARN_DIRECT_OBJC_ISA_USAGE = YES_ERROR;
				CLANG_WARN_DOCUMENTATION_COMMENTS = YES;
				CLANG_WARN_EMPTY_BODY = YES;
				CLANG_WARN_ENUM_CONVERSION = YES;
				CLANG_WARN_INFINITE_RECURSION = YES;
				CLANG_WARN_INT_CONVERSION = YES;
				CLANG_WARN_NON_LITERAL_NULL_CONVERSION = YES;
				CLANG_WARN_OBJC_IMPLICIT_RETAIN_SELF = YES;
				CLANG_WARN_OBJC_LITERAL_CONVERSION = YES;
				CLANG_WARN_OBJC_ROOT_CLASS = YES_ERROR;
				CLANG_WARN_RANGE_LOOP_ANALYSIS = YES;
				CLANG_WARN_STRICT_PROTOTYPES = YES;
				CLANG_WARN_SUSPICIOUS_MOVE = YES;
				CLANG_WARN_UNGUARDED_AVAILABILITY = YES_AGGRESSIVE;
				CLANG_WARN_UNREACHABLE_CODE = YES;
				CLANG_WARN__DUPLICATE_METHOD_MATCH = YES;
				COPY_PHASE_STRIP = NO;
				DEBUG_INFORMATION_FORMAT = "dwarf-with-dsym";
				ENABLE_NS_ASSERTIONS = NO;
				ENABLE_STRICT_OBJC_MSGSEND = YES;
				GCC_C_LANGUAGE_STANDARD = gnu11;
				GCC_NO_COMMON_BLOCKS = YES;
				GCC_WARN_64_TO_32_BIT_CONVERSION = YES;
				GCC_WARN_ABOUT_RETURN_TYPE = YES_ERROR;
				GCC_WARN_UNDECLARED_SELECTOR = YES;
				GCC_WARN_UNINITIALIZED_AUTOS = YES_AGGRESSIVE;
				GCC_WARN_UNUSED_FUNCTION = YES;
				GCC_WARN_UNUSED_VARIABLE = YES;
				IPHONEOS_DEPLOYMENT_TARGET = 13.4;
				MTL_ENABLE_DEBUG_INFO = NO;
				MTL_FAST_MATH = YES;
				SDKROOT = iphoneos;
				SWIFT_COMPILATION_MODE = wholemodule;
				SWIFT_OPTIMIZATION_LEVEL = "-O";
				VALIDATE_PRODUCT = YES;
			};
			name = Release;
		};
		C9B6DF2F25122A6900510132 /* Debug */ = {
			isa = XCBuildConfiguration;
			baseConfigurationReference = 82A6A9770CE06AA8D0B437AB /* Pods-The Goddess of Taste.debug.xcconfig */;
			buildSettings = {
				ASSETCATALOG_COMPILER_APPICON_NAME = AppIcon;
				CODE_SIGN_STYLE = Automatic;
				DEVELOPMENT_TEAM = Q4DV8LF38Q;
				INFOPLIST_FILE = "The Goddess of Taste/Info.plist";
				LD_RUNPATH_SEARCH_PATHS = (
					"$(inherited)",
					"@executable_path/Frameworks",
				);
				PRODUCT_BUNDLE_IDENTIFIER = "com.ssapps.The-Goddess-of-Taste";
				PRODUCT_NAME = "$(TARGET_NAME)";
				SWIFT_VERSION = 5.0;
				TARGETED_DEVICE_FAMILY = "1,2";
			};
			name = Debug;
		};
		C9B6DF3025122A6900510132 /* Release */ = {
			isa = XCBuildConfiguration;
			baseConfigurationReference = 6E70C1292CD2C09264AA92BF /* Pods-The Goddess of Taste.release.xcconfig */;
			buildSettings = {
				ASSETCATALOG_COMPILER_APPICON_NAME = AppIcon;
				CODE_SIGN_STYLE = Automatic;
				DEVELOPMENT_TEAM = Q4DV8LF38Q;
				INFOPLIST_FILE = "The Goddess of Taste/Info.plist";
				LD_RUNPATH_SEARCH_PATHS = (
					"$(inherited)",
					"@executable_path/Frameworks",
				);
				PRODUCT_BUNDLE_IDENTIFIER = "com.ssapps.The-Goddess-of-Taste";
				PRODUCT_NAME = "$(TARGET_NAME)";
				SWIFT_VERSION = 5.0;
				TARGETED_DEVICE_FAMILY = "1,2";
			};
			name = Release;
		};
		C9B6DF3225122A6900510132 /* Debug */ = {
			isa = XCBuildConfiguration;
			baseConfigurationReference = FBACD8B118DA586AB9F80D1C /* Pods-The Goddess of TasteTests.debug.xcconfig */;
			buildSettings = {
				ALWAYS_EMBED_SWIFT_STANDARD_LIBRARIES = YES;
				BUNDLE_LOADER = "$(TEST_HOST)";
				CODE_SIGN_STYLE = Automatic;
				DEVELOPMENT_TEAM = Q4DV8LF38Q;
				INFOPLIST_FILE = "The Goddess of TasteTests/Info.plist";
				IPHONEOS_DEPLOYMENT_TARGET = 13.4;
				LD_RUNPATH_SEARCH_PATHS = (
					"$(inherited)",
					"@executable_path/Frameworks",
					"@loader_path/Frameworks",
				);
				PRODUCT_BUNDLE_IDENTIFIER = "com.ssapps.The-Goddess-of-TasteTests";
				PRODUCT_NAME = "$(TARGET_NAME)";
				SWIFT_VERSION = 5.0;
				TARGETED_DEVICE_FAMILY = "1,2";
				TEST_HOST = "$(BUILT_PRODUCTS_DIR)/The Goddess of Taste.app/The Goddess of Taste";
			};
			name = Debug;
		};
		C9B6DF3325122A6900510132 /* Release */ = {
			isa = XCBuildConfiguration;
			baseConfigurationReference = DD7EBC6B6AE168D569334045 /* Pods-The Goddess of TasteTests.release.xcconfig */;
			buildSettings = {
				ALWAYS_EMBED_SWIFT_STANDARD_LIBRARIES = YES;
				BUNDLE_LOADER = "$(TEST_HOST)";
				CODE_SIGN_STYLE = Automatic;
				DEVELOPMENT_TEAM = Q4DV8LF38Q;
				INFOPLIST_FILE = "The Goddess of TasteTests/Info.plist";
				IPHONEOS_DEPLOYMENT_TARGET = 13.4;
				LD_RUNPATH_SEARCH_PATHS = (
					"$(inherited)",
					"@executable_path/Frameworks",
					"@loader_path/Frameworks",
				);
				PRODUCT_BUNDLE_IDENTIFIER = "com.ssapps.The-Goddess-of-TasteTests";
				PRODUCT_NAME = "$(TARGET_NAME)";
				SWIFT_VERSION = 5.0;
				TARGETED_DEVICE_FAMILY = "1,2";
				TEST_HOST = "$(BUILT_PRODUCTS_DIR)/The Goddess of Taste.app/The Goddess of Taste";
			};
			name = Release;
		};
		C9B6DF3525122A6900510132 /* Debug */ = {
			isa = XCBuildConfiguration;
			baseConfigurationReference = 56752DE6CE325998314BDFF6 /* Pods-The Goddess of Taste-The Goddess of TasteUITests.debug.xcconfig */;
			buildSettings = {
				ALWAYS_EMBED_SWIFT_STANDARD_LIBRARIES = YES;
				CODE_SIGN_STYLE = Automatic;
				DEVELOPMENT_TEAM = Q4DV8LF38Q;
				INFOPLIST_FILE = "The Goddess of TasteUITests/Info.plist";
				LD_RUNPATH_SEARCH_PATHS = (
					"$(inherited)",
					"@executable_path/Frameworks",
					"@loader_path/Frameworks",
				);
				PRODUCT_BUNDLE_IDENTIFIER = "com.ssapps.The-Goddess-of-TasteUITests";
				PRODUCT_NAME = "$(TARGET_NAME)";
				SWIFT_VERSION = 5.0;
				TARGETED_DEVICE_FAMILY = "1,2";
				TEST_TARGET_NAME = "The Goddess of Taste";
			};
			name = Debug;
		};
		C9B6DF3625122A6900510132 /* Release */ = {
			isa = XCBuildConfiguration;
			baseConfigurationReference = DD6AD4ADEB908F58A535FAC0 /* Pods-The Goddess of Taste-The Goddess of TasteUITests.release.xcconfig */;
			buildSettings = {
				ALWAYS_EMBED_SWIFT_STANDARD_LIBRARIES = YES;
				CODE_SIGN_STYLE = Automatic;
				DEVELOPMENT_TEAM = Q4DV8LF38Q;
				INFOPLIST_FILE = "The Goddess of TasteUITests/Info.plist";
				LD_RUNPATH_SEARCH_PATHS = (
					"$(inherited)",
					"@executable_path/Frameworks",
					"@loader_path/Frameworks",
				);
				PRODUCT_BUNDLE_IDENTIFIER = "com.ssapps.The-Goddess-of-TasteUITests";
				PRODUCT_NAME = "$(TARGET_NAME)";
				SWIFT_VERSION = 5.0;
				TARGETED_DEVICE_FAMILY = "1,2";
				TEST_TARGET_NAME = "The Goddess of Taste";
			};
			name = Release;
		};
/* End XCBuildConfiguration section */

/* Begin XCConfigurationList section */
		C9B6DEFC25122A6300510132 /* Build configuration list for PBXProject "The Goddess of Taste" */ = {
			isa = XCConfigurationList;
			buildConfigurations = (
				C9B6DF2C25122A6900510132 /* Debug */,
				C9B6DF2D25122A6900510132 /* Release */,
			);
			defaultConfigurationIsVisible = 0;
			defaultConfigurationName = Release;
		};
		C9B6DF2E25122A6900510132 /* Build configuration list for PBXNativeTarget "The Goddess of Taste" */ = {
			isa = XCConfigurationList;
			buildConfigurations = (
				C9B6DF2F25122A6900510132 /* Debug */,
				C9B6DF3025122A6900510132 /* Release */,
			);
			defaultConfigurationIsVisible = 0;
			defaultConfigurationName = Release;
		};
		C9B6DF3125122A6900510132 /* Build configuration list for PBXNativeTarget "The Goddess of TasteTests" */ = {
			isa = XCConfigurationList;
			buildConfigurations = (
				C9B6DF3225122A6900510132 /* Debug */,
				C9B6DF3325122A6900510132 /* Release */,
			);
			defaultConfigurationIsVisible = 0;
			defaultConfigurationName = Release;
		};
		C9B6DF3425122A6900510132 /* Build configuration list for PBXNativeTarget "The Goddess of TasteUITests" */ = {
			isa = XCConfigurationList;
			buildConfigurations = (
				C9B6DF3525122A6900510132 /* Debug */,
				C9B6DF3625122A6900510132 /* Release */,
			);
			defaultConfigurationIsVisible = 0;
			defaultConfigurationName = Release;
		};
/* End XCConfigurationList section */

/* Begin XCVersionGroup section */
		C9B6DF0D25122A6300510132 /* The_Goddess_of_Taste.xcdatamodeld */ = {
			isa = XCVersionGroup;
			children = (
				C9B6DF0E25122A6300510132 /* The_Goddess_of_Taste.xcdatamodel */,
			);
			currentVersion = C9B6DF0E25122A6300510132 /* The_Goddess_of_Taste.xcdatamodel */;
			path = The_Goddess_of_Taste.xcdatamodeld;
			sourceTree = "<group>";
			versionGroupType = wrapper.xcdatamodel;
		};
/* End XCVersionGroup section */
	};
	rootObject = C9B6DEF925122A6300510132 /* Project object */;
}
